<?xml version="1.0" encoding="utf-8"?>
<Project ToolsVersion="4.0" xmlns="http://schemas.microsoft.com/developer/msbuild/2003">
  <ItemGroup>
    <Filter Include="Source Files">
      <UniqueIdentifier>{4FC737F1-C7A5-4376-A066-2A32D752A2FF}</UniqueIdentifier>
      <Extensions>cpp;cxx;c;def</Extensions>
    </Filter>
    <Filter Include="Header Files">
      <UniqueIdentifier>{93995380-89BD-4b04-88EB-625FBE52EBFB}</UniqueIdentifier>
      <Extensions>h</Extensions>
    </Filter>
    <Filter Include="Form Files">
      <UniqueIdentifier>{99349809-55BA-4b9d-BF79-8FDBB0286EB3}</UniqueIdentifier>
      <Extensions>ui</Extensions>
    </Filter>
    <Filter Include="Resource Files">
      <UniqueIdentifier>{D9D6E242-F8AF-46E4-B9FD-80ECBC20BA3E}</UniqueIdentifier>
      <Extensions>qrc;*</Extensions>
      <ParseFiles>false</ParseFiles>
    </Filter>
    <Filter Include="Generated Files">
      <UniqueIdentifier>{71ED8ED8-ACB9-4CE9-BBE1-E00B30144E11}</UniqueIdentifier>
      <Extensions>moc;h;cpp</Extensions>
      <SourceControlFiles>False</SourceControlFiles>
    </Filter>
    <Filter Include="Generated Files\Debug">
      <UniqueIdentifier>{8636a74f-a737-4180-8116-c2c43675e811}</UniqueIdentifier>
      <Extensions>cpp;moc</Extensions>
      <SourceControlFiles>False</SourceControlFiles>
    </Filter>
    <Filter Include="Generated Files\Release">
      <UniqueIdentifier>{4753a758-b107-42f6-9217-6a714a2dc1e5}</UniqueIdentifier>
      <Extensions>cpp;moc</Extensions>
      <SourceControlFiles>False</SourceControlFiles>
    </Filter>
    <Filter Include="view">
      <UniqueIdentifier>{6d849c63-52cf-4b7d-bd6e-216df7fc95f7}</UniqueIdentifier>
    </Filter>
    <Filter Include="handlers">
      <UniqueIdentifier>{9b326dcf-0541-4d50-b243-b6f2a4f374f6}</UniqueIdentifier>
    </Filter>
  </ItemGroup>
  <ItemGroup>
    <ClCompile Include="main.cpp">
      <Filter>Source Files</Filter>
    </ClCompile>
    <ClCompile Include="GeneratedFiles\qrc_myearth.cpp">
      <Filter>Generated Files</Filter>
    </ClCompile>
    <ClCompile Include="earthmanipulator.cpp">
      <Filter>view</Filter>
    </ClCompile>
    <ClCompile Include="viewer.cpp">
      <Filter>view</Filter>
    </ClCompile>
    <ClCompile Include="mymainwindow.cpp">
      <Filter>Source Files</Filter>
    </ClCompile>
    <ClCompile Include="GeneratedFiles\Debug\moc_mymainwindow.cpp">
      <Filter>Generated Files\Debug</Filter>
    </ClCompile>
    <ClCompile Include="GeneratedFiles\Release\moc_mymainwindow.cpp">
      <Filter>Generated Files\Release</Filter>
    </ClCompile>
    <ClCompile Include="viewerwidget.cpp">
      <Filter>view</Filter>
    </ClCompile>
    <ClCompile Include="environmentsetting.cpp">
      <Filter>Source Files</Filter>
    </ClCompile>
    <ClCompile Include="GeneratedFiles\Debug\moc_environmentsetting.cpp">
      <Filter>Generated Files\Debug</Filter>
    </ClCompile>
    <ClCompile Include="GeneratedFiles\Release\moc_environmentsetting.cpp">
      <Filter>Generated Files\Release</Filter>
    </ClCompile>
    <ClCompile Include="skyhandler.cpp">
      <Filter>handlers</Filter>
    </ClCompile>
  </ItemGroup>
  <ItemGroup>
    <CustomBuild Include="myearth.ui">
      <Filter>Form Files</Filter>
    </CustomBuild>
    <CustomBuild Include="myearth.qrc">
      <Filter>Resource Files</Filter>
    </CustomBuild>
    <CustomBuild Include="viewer.h">
      <Filter>view</Filter>
    </CustomBuild>
    <CustomBuild Include="mymainwindow.h">
      <Filter>Header Files</Filter>
    </CustomBuild>
    <CustomBuild Include="environmentsetting.h">
      <Filter>Header Files</Filter>
    </CustomBuild>
    <CustomBuild Include="environmentsetting.ui">
      <Filter>Form Files</Filter>
    </CustomBuild>
  </ItemGroup>
  <ItemGroup>
    <ClInclude Include="GeneratedFiles\ui_myearth.h">
      <Filter>Generated Files</Filter>
    </ClInclude>
    <ClInclude Include="earthmanipulator.h">
      <Filter>view</Filter>
    </ClInclude>
    <ClInclude Include="viewerwidget.h">
      <Filter>view</Filter>
    </ClInclude>
    <ClInclude Include="GeneratedFiles\ui_environmentsetting.h">
      <Filter>Generated Files</Filter>
    </ClInclude>
    <ClInclude Include="skyhandler.h">
      <Filter>handlers</Filter>
    </ClInclude>
  </ItemGroup>
</Project>